
Microsoft Visual Studio Solution File, Format Version 12.00
# Visual Studio Version 17
VisualStudioVersion = 17.14.36408.4
MinimumVisualStudioVersion = 10.0.40219.1
Project("{2150E333-8FDC-42A3-9474-1A3956D46DE8}") = "Lesson1", "Lesson1", "{02EA681E-C7D8-13C7-8484-4AC65E1B71E8}"
EndProject
Project("{FAE04EC0-301F-11D3-BF4B-00C04F79EFBC}") = "C sharp 12 features", "Lesson1\C sharp 12 features\C sharp 12 features.csproj", "{7CF4DFC2-CAD5-4E08-BDFE-115A30C2573B}"
EndProject
Project("{FAE04EC0-301F-11D3-BF4B-00C04F79EFBC}") = "CalculatorClassLibrary", "Lesson1\CalculatorClassLibrary\CalculatorClassLibrary.csproj", "{44833E95-CD2C-4BDC-8577-E364EF821367}"
EndProject
Project("{FAE04EC0-301F-11D3-BF4B-00C04F79EFBC}") = "CalculatorNet8", "Lesson1\CalculatorNet8\CalculatorNet8.csproj", "{7DFA34CE-3D63-4C0A-BEE9-AD7A22837CE8}"
EndProject
Project("{FAE04EC0-301F-11D3-BF4B-00C04F79EFBC}") = "CalculatorNETFramework", "Lesson1\CalculatorNETFramework\CalculatorNETFramework.csproj", "{6A6E84A2-5165-4F0C-85CA-CECF6D2C73B6}"
EndProject
Project("{2150E333-8FDC-42A3-9474-1A3956D46DE8}") = "Lesson2", "Lesson2", "{D727D8D7-8DB0-4291-B86F-AB3CFC3A51D6}"
EndProject
Project("{FAE04EC0-301F-11D3-BF4B-00C04F79EFBC}") = "ProductWebAPI", "Lesson2\ProductWebAPI\ProductWebAPI.csproj", "{4B46DF1B-C5BE-48D1-9B42-CC685E7EE254}"
EndProject
Project("{2150E333-8FDC-42A3-9474-1A3956D46DE8}") = "Lesson3", "Lesson3", "{C589193D-694B-47C1-A1A8-543B210C797C}"
EndProject
Project("{FAE04EC0-301F-11D3-BF4B-00C04F79EFBC}") = "HumanWebAPI", "Lesson3\HumanWebAPI\HumanWebAPI.csproj", "{2B691C46-E4B8-478D-BFEB-735B857CEF6D}"
EndProject
Project("{2150E333-8FDC-42A3-9474-1A3956D46DE8}") = "Lesson4", "Lesson4", "{48D15E68-D76D-44AB-8EF6-41F1471FD78B}"
EndProject
Project("{FAE04EC0-301F-11D3-BF4B-00C04F79EFBC}") = "BookStore", "Lesson4\BookStore\BookStore.csproj", "{4DF300D8-58CF-4F7E-92F5-CB56A2956D7A}"
EndProject
Project("{2150E333-8FDC-42A3-9474-1A3956D46DE8}") = "Lesson5", "Lesson5", "{A6686E29-F30C-40FE-BB9B-BF7D15DEB71B}"
EndProject
Project("{FAE04EC0-301F-11D3-BF4B-00C04F79EFBC}") = "CSV to JSON", "Lesson5\CSV to JSON\CSV to JSON.csproj", "{3352F763-3E08-4648-8B18-C9257CF8D47D}"
EndProject
Global
	GlobalSection(SolutionConfigurationPlatforms) = preSolution
		Debug|Any CPU = Debug|Any CPU
		Release|Any CPU = Release|Any CPU
	EndGlobalSection
	GlobalSection(ProjectConfigurationPlatforms) = postSolution
		{7CF4DFC2-CAD5-4E08-BDFE-115A30C2573B}.Debug|Any CPU.ActiveCfg = Debug|Any CPU
		{7CF4DFC2-CAD5-4E08-BDFE-115A30C2573B}.Debug|Any CPU.Build.0 = Debug|Any CPU
		{7CF4DFC2-CAD5-4E08-BDFE-115A30C2573B}.Release|Any CPU.ActiveCfg = Release|Any CPU
		{7CF4DFC2-CAD5-4E08-BDFE-115A30C2573B}.Release|Any CPU.Build.0 = Release|Any CPU
		{44833E95-CD2C-4BDC-8577-E364EF821367}.Debug|Any CPU.ActiveCfg = Debug|Any CPU
		{44833E95-CD2C-4BDC-8577-E364EF821367}.Debug|Any CPU.Build.0 = Debug|Any CPU
		{44833E95-CD2C-4BDC-8577-E364EF821367}.Release|Any CPU.ActiveCfg = Release|Any CPU
		{44833E95-CD2C-4BDC-8577-E364EF821367}.Release|Any CPU.Build.0 = Release|Any CPU
		{7DFA34CE-3D63-4C0A-BEE9-AD7A22837CE8}.Debug|Any CPU.ActiveCfg = Debug|Any CPU
		{7DFA34CE-3D63-4C0A-BEE9-AD7A22837CE8}.Debug|Any CPU.Build.0 = Debug|Any CPU
		{7DFA34CE-3D63-4C0A-BEE9-AD7A22837CE8}.Release|Any CPU.ActiveCfg = Release|Any CPU
		{7DFA34CE-3D63-4C0A-BEE9-AD7A22837CE8}.Release|Any CPU.Build.0 = Release|Any CPU
		{6A6E84A2-5165-4F0C-85CA-CECF6D2C73B6}.Debug|Any CPU.ActiveCfg = Debug|Any CPU
		{6A6E84A2-5165-4F0C-85CA-CECF6D2C73B6}.Debug|Any CPU.Build.0 = Debug|Any CPU
		{6A6E84A2-5165-4F0C-85CA-CECF6D2C73B6}.Release|Any CPU.ActiveCfg = Release|Any CPU
		{6A6E84A2-5165-4F0C-85CA-CECF6D2C73B6}.Release|Any CPU.Build.0 = Release|Any CPU
		{4B46DF1B-C5BE-48D1-9B42-CC685E7EE254}.Debug|Any CPU.ActiveCfg = Debug|Any CPU
		{4B46DF1B-C5BE-48D1-9B42-CC685E7EE254}.Debug|Any CPU.Build.0 = Debug|Any CPU
		{4B46DF1B-C5BE-48D1-9B42-CC685E7EE254}.Release|Any CPU.ActiveCfg = Release|Any CPU
		{4B46DF1B-C5BE-48D1-9B42-CC685E7EE254}.Release|Any CPU.Build.0 = Release|Any CPU
		{2B691C46-E4B8-478D-BFEB-735B857CEF6D}.Debug|Any CPU.ActiveCfg = Debug|Any CPU
		{2B691C46-E4B8-478D-BFEB-735B857CEF6D}.Debug|Any CPU.Build.0 = Debug|Any CPU
		{2B691C46-E4B8-478D-BFEB-735B857CEF6D}.Release|Any CPU.ActiveCfg = Release|Any CPU
		{2B691C46-E4B8-478D-BFEB-735B857CEF6D}.Release|Any CPU.Build.0 = Release|Any CPU
		{4DF300D8-58CF-4F7E-92F5-CB56A2956D7A}.Debug|Any CPU.ActiveCfg = Debug|Any CPU
		{4DF300D8-58CF-4F7E-92F5-CB56A2956D7A}.Debug|Any CPU.Build.0 = Debug|Any CPU
		{4DF300D8-58CF-4F7E-92F5-CB56A2956D7A}.Release|Any CPU.ActiveCfg = Release|Any CPU
		{4DF300D8-58CF-4F7E-92F5-CB56A2956D7A}.Release|Any CPU.Build.0 = Release|Any CPU
		{3352F763-3E08-4648-8B18-C9257CF8D47D}.Debug|Any CPU.ActiveCfg = Debug|Any CPU
		{3352F763-3E08-4648-8B18-C9257CF8D47D}.Debug|Any CPU.Build.0 = Debug|Any CPU
		{3352F763-3E08-4648-8B18-C9257CF8D47D}.Release|Any CPU.ActiveCfg = Release|Any CPU
		{3352F763-3E08-4648-8B18-C9257CF8D47D}.Release|Any CPU.Build.0 = Release|Any CPU
	EndGlobalSection
	GlobalSection(SolutionProperties) = preSolution
		HideSolutionNode = FALSE
	EndGlobalSection
	GlobalSection(NestedProjects) = preSolution
		{7CF4DFC2-CAD5-4E08-BDFE-115A30C2573B} = {02EA681E-C7D8-13C7-8484-4AC65E1B71E8}
		{44833E95-CD2C-4BDC-8577-E364EF821367} = {02EA681E-C7D8-13C7-8484-4AC65E1B71E8}
		{7DFA34CE-3D63-4C0A-BEE9-AD7A22837CE8} = {02EA681E-C7D8-13C7-8484-4AC65E1B71E8}
		{6A6E84A2-5165-4F0C-85CA-CECF6D2C73B6} = {02EA681E-C7D8-13C7-8484-4AC65E1B71E8}
		{4B46DF1B-C5BE-48D1-9B42-CC685E7EE254} = {D727D8D7-8DB0-4291-B86F-AB3CFC3A51D6}
		{2B691C46-E4B8-478D-BFEB-735B857CEF6D} = {C589193D-694B-47C1-A1A8-543B210C797C}
		{4DF300D8-58CF-4F7E-92F5-CB56A2956D7A} = {48D15E68-D76D-44AB-8EF6-41F1471FD78B}
		{3352F763-3E08-4648-8B18-C9257CF8D47D} = {A6686E29-F30C-40FE-BB9B-BF7D15DEB71B}
	EndGlobalSection
	GlobalSection(ExtensibilityGlobals) = postSolution
		SolutionGuid = {FA2C8A89-0A8C-402F-AD8F-1A0DD75E5455}
	EndGlobalSection
EndGlobal
